
Microsoft Visual Studio Solution File, Format Version 12.00
# Visual Studio Version 17
VisualStudioVersion = 17.4.33213.308
MinimumVisualStudioVersion = 10.0.40219.1
Project("{9A19103F-16F7-4668-BE54-9A1E7A4F7556}") = "divitiae_api", "divitiae_api.csproj", "{D2281473-2240-4EAB-B522-734AECB876DE}"
EndProject
Global
	GlobalSection(SolutionConfigurationPlatforms) = preSolution
		Debug|Any CPU = Debug|Any CPU
		Release|Any CPU = Release|Any CPU
	EndGlobalSection
	GlobalSection(ProjectConfigurationPlatforms) = postSolution
		{D2281473-2240-4EAB-B522-734AECB876DE}.Debug|Any CPU.ActiveCfg = Release|Any CPU
		{D2281473-2240-4EAB-B522-734AECB876DE}.Debug|Any CPU.Build.0 = Release|Any CPU
		{D2281473-2240-4EAB-B522-734AECB876DE}.Release|Any CPU.ActiveCfg = Release|Any CPU
		{D2281473-2240-4EAB-B522-734AECB876DE}.Release|Any CPU.Build.0 = Release|Any CPU
	EndGlobalSection
	GlobalSection(SolutionProperties) = preSolution
		HideSolutionNode = FALSE
	EndGlobalSection
	GlobalSection(ExtensibilityGlobals) = postSolution
		SolutionGuid = {EA0A4E51-31B8-4592-85A7-E100CC824A21}
	EndGlobalSection
EndGlobal
